// !$*UTF8*$!
{
	archiveVersion = 1;
	classes = {
	};
	objectVersion = 56;
	objects = {

/* Begin PBXBuildFile section */
		C088660C2C4CB83900CD4091 /* PracticeSwiftUiProjectApp.swift in Sources */ = {isa = PBXBuildFile; fileRef = C088660B2C4CB83900CD4091 /* PracticeSwiftUiProjectApp.swift */; };
		C088660E2C4CB83900CD4091 /* ContentView.swift in Sources */ = {isa = PBXBuildFile; fileRef = C088660D2C4CB83900CD4091 /* ContentView.swift */; };
		C08866102C4CB83A00CD4091 /* Assets.xcassets in Resources */ = {isa = PBXBuildFile; fileRef = C088660F2C4CB83A00CD4091 /* Assets.xcassets */; };
		C08866132C4CB83A00CD4091 /* Preview Assets.xcassets in Resources */ = {isa = PBXBuildFile; fileRef = C08866122C4CB83A00CD4091 /* Preview Assets.xcassets */; };
		C088661A2C4CB86E00CD4091 /* TextComponent.swift in Sources */ = {isa = PBXBuildFile; fileRef = C08866192C4CB86E00CD4091 /* TextComponent.swift */; };
		C088661C2C4CBFAF00CD4091 /* Shapes.swift in Sources */ = {isa = PBXBuildFile; fileRef = C088661B2C4CBFAF00CD4091 /* Shapes.swift */; };
		C088661E2C4CC52200CD4091 /* Colors.swift in Sources */ = {isa = PBXBuildFile; fileRef = C088661D2C4CC52200CD4091 /* Colors.swift */; };
		C08866202C4D129A00CD4091 /* GradientsAndModifiers.swift in Sources */ = {isa = PBXBuildFile; fileRef = C088661F2C4D129A00CD4091 /* GradientsAndModifiers.swift */; };
		C08866222C4D195D00CD4091 /* IconsBootcamp.swift in Sources */ = {isa = PBXBuildFile; fileRef = C08866212C4D195D00CD4091 /* IconsBootcamp.swift */; };
		C08866242C4D5A3900CD4091 /* ImagesBootcamp.swift in Sources */ = {isa = PBXBuildFile; fileRef = C08866232C4D5A3900CD4091 /* ImagesBootcamp.swift */; };
/* End PBXBuildFile section */

/* Begin PBXFileReference section */
		C08866082C4CB83900CD4091 /* PracticeSwiftUiProject.app */ = {isa = PBXFileReference; explicitFileType = wrapper.application; includeInIndex = 0; path = PracticeSwiftUiProject.app; sourceTree = BUILT_PRODUCTS_DIR; };
		C088660B2C4CB83900CD4091 /* PracticeSwiftUiProjectApp.swift */ = {isa = PBXFileReference; lastKnownFileType = sourcecode.swift; path = PracticeSwiftUiProjectApp.swift; sourceTree = "<group>"; };
		C088660D2C4CB83900CD4091 /* ContentView.swift */ = {isa = PBXFileReference; lastKnownFileType = sourcecode.swift; path = ContentView.swift; sourceTree = "<group>"; };
		C088660F2C4CB83A00CD4091 /* Assets.xcassets */ = {isa = PBXFileReference; lastKnownFileType = folder.assetcatalog; path = Assets.xcassets; sourceTree = "<group>"; };
		C08866122C4CB83A00CD4091 /* Preview Assets.xcassets */ = {isa = PBXFileReference; lastKnownFileType = folder.assetcatalog; path = "Preview Assets.xcassets"; sourceTree = "<group>"; };
		C08866192C4CB86E00CD4091 /* TextComponent.swift */ = {isa = PBXFileReference; lastKnownFileType = sourcecode.swift; path = TextComponent.swift; sourceTree = "<group>"; };
		C088661B2C4CBFAF00CD4091 /* Shapes.swift */ = {isa = PBXFileReference; lastKnownFileType = sourcecode.swift; path = Shapes.swift; sourceTree = "<group>"; };
		C088661D2C4CC52200CD4091 /* Colors.swift */ = {isa = PBXFileReference; lastKnownFileType = sourcecode.swift; path = Colors.swift; sourceTree = "<group>"; };
		C088661F2C4D129A00CD4091 /* GradientsAndModifiers.swift */ = {isa = PBXFileReference; lastKnownFileType = sourcecode.swift; path = GradientsAndModifiers.swift; sourceTree = "<group>"; };
		C08866212C4D195D00CD4091 /* IconsBootcamp.swift */ = {isa = PBXFileReference; lastKnownFileType = sourcecode.swift; path = IconsBootcamp.swift; sourceTree = "<group>"; };
		C08866232C4D5A3900CD4091 /* ImagesBootcamp.swift */ = {isa = PBXFileReference; lastKnownFileType = sourcecode.swift; path = ImagesBootcamp.swift; sourceTree = "<group>"; };
/* End PBXFileReference section */

/* Begin PBXFrameworksBuildPhase section */
		C08866052C4CB83900CD4091 /* Frameworks */ = {
			isa = PBXFrameworksBuildPhase;
			buildActionMask = 2147483647;
			files = (
			);
			runOnlyForDeploymentPostprocessing = 0;
		};
/* End PBXFrameworksBuildPhase section */

/* Begin PBXGroup section */
		C08865FF2C4CB83900CD4091 = {
			isa = PBXGroup;
			children = (
				C088660A2C4CB83900CD4091 /* PracticeSwiftUiProject */,
				C08866092C4CB83900CD4091 /* Products */,
			);
			sourceTree = "<group>";
		};
		C08866092C4CB83900CD4091 /* Products */ = {
			isa = PBXGroup;
			children = (
				C08866082C4CB83900CD4091 /* PracticeSwiftUiProject.app */,
			);
			name = Products;
			sourceTree = "<group>";
		};
		C088660A2C4CB83900CD4091 /* PracticeSwiftUiProject */ = {
			isa = PBXGroup;
			children = (
				C088660B2C4CB83900CD4091 /* PracticeSwiftUiProjectApp.swift */,
				C088660D2C4CB83900CD4091 /* ContentView.swift */,
				C08866192C4CB86E00CD4091 /* TextComponent.swift */,
				C088661B2C4CBFAF00CD4091 /* Shapes.swift */,
				C088661D2C4CC52200CD4091 /* Colors.swift */,
				C088661F2C4D129A00CD4091 /* GradientsAndModifiers.swift */,
				C08866212C4D195D00CD4091 /* IconsBootcamp.swift */,
				C08866232C4D5A3900CD4091 /* ImagesBootcamp.swift */,
				C088660F2C4CB83A00CD4091 /* Assets.xcassets */,
				C08866112C4CB83A00CD4091 /* Preview Content */,
			);
			path = PracticeSwiftUiProject;
			sourceTree = "<group>";
		};
		C08866112C4CB83A00CD4091 /* Preview Content */ = {
			isa = PBXGroup;
			children = (
				C08866122C4CB83A00CD4091 /* Preview Assets.xcassets */,
			);
			path = "Preview Content";
			sourceTree = "<group>";
		};
/* End PBXGroup section */

/* Begin PBXNativeTarget section */
		C08866072C4CB83900CD4091 /* PracticeSwiftUiProject */ = {
			isa = PBXNativeTarget;
			buildConfigurationList = C08866162C4CB83A00CD4091 /* Build configuration list for PBXNativeTarget "PracticeSwiftUiProject" */;
			buildPhases = (
				C08866042C4CB83900CD4091 /* Sources */,
				C08866052C4CB83900CD4091 /* Frameworks */,
				C08866062C4CB83900CD4091 /* Resources */,
			);
			buildRules = (
			);
			dependencies = (
			);
			name = PracticeSwiftUiProject;
			productName = PracticeSwiftUiProject;
			productReference = C08866082C4CB83900CD4091 /* PracticeSwiftUiProject.app */;
			productType = "com.apple.product-type.application";
		};
/* End PBXNativeTarget section */

/* Begin PBXProject section */
		C08866002C4CB83900CD4091 /* Project object */ = {
			isa = PBXProject;
			attributes = {
				BuildIndependentTargetsInParallel = 1;
				LastSwiftUpdateCheck = 1540;
				LastUpgradeCheck = 1540;
				TargetAttributes = {
					C08866072C4CB83900CD4091 = {
						CreatedOnToolsVersion = 15.4;
					};
				};
			};
			buildConfigurationList = C08866032C4CB83900CD4091 /* Build configuration list for PBXProject "PracticeSwiftUiProject" */;
			compatibilityVersion = "Xcode 14.0";
			developmentRegion = en;
			hasScannedForEncodings = 0;
			knownRegions = (
				en,
				Base,
			);
			mainGroup = C08865FF2C4CB83900CD4091;
			productRefGroup = C08866092C4CB83900CD4091 /* Products */;
			projectDirPath = "";
			projectRoot = "";
			targets = (
				C08866072C4CB83900CD4091 /* PracticeSwiftUiProject */,
			);
		};
/* End PBXProject section */

/* Begin PBXResourcesBuildPhase section */
		C08866062C4CB83900CD4091 /* Resources */ = {
			isa = PBXResourcesBuildPhase;
			buildActionMask = 2147483647;
			files = (
				C08866132C4CB83A00CD4091 /* Preview Assets.xcassets in Resources */,
				C08866102C4CB83A00CD4091 /* Assets.xcassets in Resources */,
			);
			runOnlyForDeploymentPostprocessing = 0;
		};
/* End PBXResourcesBuildPhase section */

/* Begin PBXSourcesBuildPhase section */
		C08866042C4CB83900CD4091 /* Sources */ = {
			isa = PBXSourcesBuildPhase;
			buildActionMask = 2147483647;
			files = (
				C088661A2C4CB86E00CD4091 /* TextComponent.swift in Sources */,
				C088661E2C4CC52200CD4091 /* Colors.swift in Sources */,
				C08866242C4D5A3900CD4091 /* ImagesBootcamp.swift in Sources */,
				C088660E2C4CB83900CD4091 /* ContentView.swift in Sources */,
				C088660C2C4CB83900CD4091 /* PracticeSwiftUiProjectApp.swift in Sources */,
				C088661C2C4CBFAF00CD4091 /* Shapes.swift in Sources */,
				C08866202C4D129A00CD4091 /* GradientsAndModifiers.swift in Sources */,
				C08866222C4D195D00CD4091 /* IconsBootcamp.swift in Sources */,
			);
			runOnlyForDeploymentPostprocessing = 0;
		};
/* End PBXSourcesBuildPhase section */

/* Begin XCBuildConfiguration section */
		C08866142C4CB83A00CD4091 /* Debug */ = {
			isa = XCBuildConfiguration;
			buildSettings = {
				ALWAYS_SEARCH_USER_PATHS = NO;
				ASSETCATALOG_COMPILER_GENERATE_SWIFT_ASSET_SYMBOL_EXTENSIONS = YES;
				CLANG_ANALYZER_NONNULL = YES;
				CLANG_ANALYZER_NUMBER_OBJECT_CONVERSION = YES_AGGRESSIVE;
				CLANG_CXX_LANGUAGE_STANDARD = "gnu++20";
				CLANG_ENABLE_MODULES = YES;
				CLANG_ENABLE_OBJC_ARC = YES;
				CLANG_ENABLE_OBJC_WEAK = YES;
				CLANG_WARN_BLOCK_CAPTURE_AUTORELEASING = YES;
				CLANG_WARN_BOOL_CONVERSION = YES;
				CLANG_WARN_COMMA = YES;
				CLANG_WARN_CONSTANT_CONVERSION = YES;
				CLANG_WARN_DEPRECATED_OBJC_IMPLEMENTATIONS = YES;
				CLANG_WARN_DIRECT_OBJC_ISA_USAGE = YES_ERROR;
				CLANG_WARN_DOCUMENTATION_COMMENTS = YES;
				CLANG_WARN_EMPTY_BODY = YES;
				CLANG_WARN_ENUM_CONVERSION = YES;
				CLANG_WARN_INFINITE_RECURSION = YES;
				CLANG_WARN_INT_CONVERSION = YES;
				CLANG_WARN_NON_LITERAL_NULL_CONVERSION = YES;
				CLANG_WARN_OBJC_IMPLICIT_RETAIN_SELF = YES;
				CLANG_WARN_OBJC_LITERAL_CONVERSION = YES;
				CLANG_WARN_OBJC_ROOT_CLASS = YES_ERROR;
				CLANG_WARN_QUOTED_INCLUDE_IN_FRAMEWORK_HEADER = YES;
				CLANG_WARN_RANGE_LOOP_ANALYSIS = YES;
				CLANG_WARN_STRICT_PROTOTYPES = YES;
				CLANG_WARN_SUSPICIOUS_MOVE = YES;
				CLANG_WARN_UNGUARDED_AVAILABILITY = YES_AGGRESSIVE;
				CLANG_WARN_UNREACHABLE_CODE = YES;
				CLANG_WARN__DUPLICATE_METHOD_MATCH = YES;
				COPY_PHASE_STRIP = NO;
				DEBUG_INFORMATION_FORMAT = dwarf;
				ENABLE_STRICT_OBJC_MSGSEND = YES;
				ENABLE_TESTABILITY = YES;
				ENABLE_USER_SCRIPT_SANDBOXING = YES;
				GCC_C_LANGUAGE_STANDARD = gnu17;
				GCC_DYNAMIC_NO_PIC = NO;
				GCC_NO_COMMON_BLOCKS = YES;
				GCC_OPTIMIZATION_LEVEL = 0;
				GCC_PREPROCESSOR_DEFINITIONS = (
					"DEBUG=1",
					"$(inherited)",
				);
				GCC_WARN_64_TO_32_BIT_CONVERSION = YES;
				GCC_WARN_ABOUT_RETURN_TYPE = YES_ERROR;
				GCC_WARN_UNDECLARED_SELECTOR = YES;
				GCC_WARN_UNINITIALIZED_AUTOS = YES_AGGRESSIVE;
				GCC_WARN_UNUSED_FUNCTION = YES;
				GCC_WARN_UNUSED_VARIABLE = YES;
				IPHONEOS_DEPLOYMENT_TARGET = 17.5;
				LOCALIZATION_PREFERS_STRING_CATALOGS = YES;
				MTL_ENABLE_DEBUG_INFO = INCLUDE_SOURCE;
				MTL_FAST_MATH = YES;
				ONLY_ACTIVE_ARCH = YES;
				SDKROOT = iphoneos;
				SWIFT_ACTIVE_COMPILATION_CONDITIONS = "DEBUG $(inherited)";
				SWIFT_OPTIMIZATION_LEVEL = "-Onone";
			};
			name = Debug;
		};
		C08866152C4CB83A00CD4091 /* Release */ = {
			isa = XCBuildConfiguration;
			buildSettings = {
				ALWAYS_SEARCH_USER_PATHS = NO;
				ASSETCATALOG_COMPILER_GENERATE_SWIFT_ASSET_SYMBOL_EXTENSIONS = YES;
				CLANG_ANALYZER_NONNULL = YES;
				CLANG_ANALYZER_NUMBER_OBJECT_CONVERSION = YES_AGGRESSIVE;
				CLANG_CXX_LANGUAGE_STANDARD = "gnu++20";
				CLANG_ENABLE_MODULES = YES;
				CLANG_ENABLE_OBJC_ARC = YES;
				CLANG_ENABLE_OBJC_WEAK = YES;
				CLANG_WARN_BLOCK_CAPTURE_AUTORELEASING = YES;
				CLANG_WARN_BOOL_CONVERSION = YES;
				CLANG_WARN_COMMA = YES;
				CLANG_WARN_CONSTANT_CONVERSION = YES;
				CLANG_WARN_DEPRECATED_OBJC_IMPLEMENTATIONS = YES;
				CLANG_WARN_DIRECT_OBJC_ISA_USAGE = YES_ERROR;
				CLANG_WARN_DOCUMENTATION_COMMENTS = YES;
				CLANG_WARN_EMPTY_BODY = YES;
				CLANG_WARN_ENUM_CONVERSION = YES;
				CLANG_WARN_INFINITE_RECURSION = YES;
				CLANG_WARN_INT_CONVERSION = YES;
				CLANG_WARN_NON_LITERAL_NULL_CONVERSION = YES;
				CLANG_WARN_OBJC_IMPLICIT_RETAIN_SELF = YES;
				CLANG_WARN_OBJC_LITERAL_CONVERSION = YES;
				CLANG_WARN_OBJC_ROOT_CLASS = YES_ERROR;
				CLANG_WARN_QUOTED_INCLUDE_IN_FRAMEWORK_HEADER = YES;
				CLANG_WARN_RANGE_LOOP_ANALYSIS = YES;
				CLANG_WARN_STRICT_PROTOTYPES = YES;
				CLANG_WARN_SUSPICIOUS_MOVE = YES;
				CLANG_WARN_UNGUARDED_AVAILABILITY = YES_AGGRESSIVE;
				CLANG_WARN_UNREACHABLE_CODE = YES;
				CLANG_WARN__DUPLICATE_METHOD_MATCH = YES;
				COPY_PHASE_STRIP = NO;
				DEBUG_INFORMATION_FORMAT = "dwarf-with-dsym";
				ENABLE_NS_ASSERTIONS = NO;
				ENABLE_STRICT_OBJC_MSGSEND = YES;
				ENABLE_USER_SCRIPT_SANDBOXING = YES;
				GCC_C_LANGUAGE_STANDARD = gnu17;
				GCC_NO_COMMON_BLOCKS = YES;
				GCC_WARN_64_TO_32_BIT_CONVERSION = YES;
				GCC_WARN_ABOUT_RETURN_TYPE = YES_ERROR;
				GCC_WARN_UNDECLARED_SELECTOR = YES;
				GCC_WARN_UNINITIALIZED_AUTOS = YES_AGGRESSIVE;
				GCC_WARN_UNUSED_FUNCTION = YES;
				GCC_WARN_UNUSED_VARIABLE = YES;
				IPHONEOS_DEPLOYMENT_TARGET = 17.5;
				LOCALIZATION_PREFERS_STRING_CATALOGS = YES;
				MTL_ENABLE_DEBUG_INFO = NO;
				MTL_FAST_MATH = YES;
				SDKROOT = iphoneos;
				SWIFT_COMPILATION_MODE = wholemodule;
				VALIDATE_PRODUCT = YES;
			};
			name = Release;
		};
		C08866172C4CB83A00CD4091 /* Debug */ = {
			isa = XCBuildConfiguration;
			buildSettings = {
				ASSETCATALOG_COMPILER_APPICON_NAME = AppIcon;
				ASSETCATALOG_COMPILER_GLOBAL_ACCENT_COLOR_NAME = AccentColor;
				CODE_SIGN_STYLE = Automatic;
				CURRENT_PROJECT_VERSION = 1;
				DEVELOPMENT_ASSET_PATHS = "\"PracticeSwiftUiProject/Preview Content\"";
				ENABLE_PREVIEWS = YES;
				GENERATE_INFOPLIST_FILE = YES;
				INFOPLIST_KEY_UIApplicationSceneManifest_Generation = YES;
				INFOPLIST_KEY_UIApplicationSupportsIndirectInputEvents = YES;
				INFOPLIST_KEY_UILaunchScreen_Generation = YES;
				INFOPLIST_KEY_UISupportedInterfaceOrientations_iPad = "UIInterfaceOrientationPortrait UIInterfaceOrientationPortraitUpsideDown UIInterfaceOrientationLandscapeLeft UIInterfaceOrientationLandscapeRight";
				INFOPLIST_KEY_UISupportedInterfaceOrientations_iPhone = "UIInterfaceOrientationPortrait UIInterfaceOrientationLandscapeLeft UIInterfaceOrientationLandscapeRight";
				LD_RUNPATH_SEARCH_PATHS = (
					"$(inherited)",
					"@executable_path/Frameworks",
				);
				MARKETING_VERSION = 1.0;
				PRODUCT_BUNDLE_IDENTIFIER = Akshay.PracticeSwiftUiProject;
				PRODUCT_NAME = "$(TARGET_NAME)";
				SWIFT_EMIT_LOC_STRINGS = YES;
				SWIFT_VERSION = 5.0;
				TARGETED_DEVICE_FAMILY = "1,2";
			};
			name = Debug;
		};
		C08866182C4CB83A00CD4091 /* Release */ = {
			isa = XCBuildConfiguration;
			buildSettings = {
				ASSETCATALOG_COMPILER_APPICON_NAME = AppIcon;
				ASSETCATALOG_COMPILER_GLOBAL_ACCENT_COLOR_NAME = AccentColor;
				CODE_SIGN_STYLE = Automatic;
				CURRENT_PROJECT_VERSION = 1;
				DEVELOPMENT_ASSET_PATHS = "\"PracticeSwiftUiProject/Preview Content\"";
				ENABLE_PREVIEWS = YES;
				GENERATE_INFOPLIST_FILE = YES;
				INFOPLIST_KEY_UIApplicationSceneManifest_Generation = YES;
				INFOPLIST_KEY_UIApplicationSupportsIndirectInputEvents = YES;
				INFOPLIST_KEY_UILaunchScreen_Generation = YES;
				INFOPLIST_KEY_UISupportedInterfaceOrientations_iPad = "UIInterfaceOrientationPortrait UIInterfaceOrientationPortraitUpsideDown UIInterfaceOrientationLandscapeLeft UIInterfaceOrientationLandscapeRight";
				INFOPLIST_KEY_UISupportedInterfaceOrientations_iPhone = "UIInterfaceOrientationPortrait UIInterfaceOrientationLandscapeLeft UIInterfaceOrientationLandscapeRight";
				LD_RUNPATH_SEARCH_PATHS = (
					"$(inherited)",
					"@executable_path/Frameworks",
				);
				MARKETING_VERSION = 1.0;
				PRODUCT_BUNDLE_IDENTIFIER = Akshay.PracticeSwiftUiProject;
				PRODUCT_NAME = "$(TARGET_NAME)";
				SWIFT_EMIT_LOC_STRINGS = YES;
				SWIFT_VERSION = 5.0;
				TARGETED_DEVICE_FAMILY = "1,2";
			};
			name = Release;
		};
/* End XCBuildConfiguration section */

/* Begin XCConfigurationList section */
		C08866032C4CB83900CD4091 /* Build configuration list for PBXProject "PracticeSwiftUiProject" */ = {
			isa = XCConfigurationList;
			buildConfigurations = (
				C08866142C4CB83A00CD4091 /* Debug */,
				C08866152C4CB83A00CD4091 /* Release */,
			);
			defaultConfigurationIsVisible = 0;
			defaultConfigurationName = Release;
		};
		C08866162C4CB83A00CD4091 /* Build configuration list for PBXNativeTarget "PracticeSwiftUiProject" */ = {
			isa = XCConfigurationList;
			buildConfigurations = (
				C08866172C4CB83A00CD4091 /* Debug */,
				C08866182C4CB83A00CD4091 /* Release */,
			);
			defaultConfigurationIsVisible = 0;
			defaultConfigurationName = Release;
		};
/* End XCConfigurationList section */
	};
	rootObject = C08866002C4CB83900CD4091 /* Project object */;
}
